
Microsoft Visual Studio Solution File, Format Version 12.00
# Visual Studio Version 16
VisualStudioVersion = 16.0.29102.190
MinimumVisualStudioVersion = 10.0.40219.1
Project("{9A19103F-16F7-4668-BE54-9A1E7A4F7556}") = "ASPNETCoreAzureAD", "ASPNETCoreAzureAD\ASPNETCoreAzureAD.csproj", "{2FAB1170-FE37-4F3E-BC22-364E9B87B8DD}"
EndProject
Global
	GlobalSection(SolutionConfigurationPlatforms) = preSolution
		Debug|Any CPU = Debug|Any CPU
		Release|Any CPU = Release|Any CPU
	EndGlobalSection
	GlobalSection(ProjectConfigurationPlatforms) = postSolution
		{2FAB1170-FE37-4F3E-BC22-364E9B87B8DD}.Debug|Any CPU.ActiveCfg = Debug|Any CPU
		{2FAB1170-FE37-4F3E-BC22-364E9B87B8DD}.Debug|Any CPU.Build.0 = Debug|Any CPU
		{2FAB1170-FE37-4F3E-BC22-364E9B87B8DD}.Release|Any CPU.ActiveCfg = Release|Any CPU
		{2FAB1170-FE37-4F3E-BC22-364E9B87B8DD}.Release|Any CPU.Build.0 = Release|Any CPU
	EndGlobalSection
	GlobalSection(SolutionProperties) = preSolution
		HideSolutionNode = FALSE
	EndGlobalSection
	GlobalSection(ExtensibilityGlobals) = postSolution
		SolutionGuid = {D37DC88B-1E2D-4EB6-AB11-248387FD0F8B}
	EndGlobalSection
EndGlobal
